
Microsoft Visual Studio Solution File, Format Version 12.00
# Visual Studio Version 17
VisualStudioVersion = 17.14.36408.4
MinimumVisualStudioVersion = 10.0.40219.1
Project("{FAE04EC0-301F-11D3-BF4B-00C04F79EFBC}") = "DVLD", "DVLD\DVLD.csproj", "{C5453C27-999A-4C94-9994-8396289C34FC}"
EndProject
Project("{FAE04EC0-301F-11D3-BF4B-00C04F79EFBC}") = "DVLD_DataAccessLayer", "PeopleDataBaseLayer\DVLD_DataAccessLayer.csproj", "{22F87131-59E9-4562-BF8B-30FC6E43C078}"
EndProject
Project("{FAE04EC0-301F-11D3-BF4B-00C04F79EFBC}") = "DVLD_BusinessLayer", "DVLD_BusinessLayer\DVLD_BusinessLayer.csproj", "{E93F59AC-7036-4009-8780-095A723102C2}"
EndProject
Global
	GlobalSection(SolutionConfigurationPlatforms) = preSolution
		Debug|Any CPU = Debug|Any CPU
		Release|Any CPU = Release|Any CPU
	EndGlobalSection
	GlobalSection(ProjectConfigurationPlatforms) = postSolution
		{C5453C27-999A-4C94-9994-8396289C34FC}.Debug|Any CPU.ActiveCfg = Debug|Any CPU
		{C5453C27-999A-4C94-9994-8396289C34FC}.Debug|Any CPU.Build.0 = Debug|Any CPU
		{C5453C27-999A-4C94-9994-8396289C34FC}.Release|Any CPU.ActiveCfg = Release|Any CPU
		{C5453C27-999A-4C94-9994-8396289C34FC}.Release|Any CPU.Build.0 = Release|Any CPU
		{22F87131-59E9-4562-BF8B-30FC6E43C078}.Debug|Any CPU.ActiveCfg = Debug|Any CPU
		{22F87131-59E9-4562-BF8B-30FC6E43C078}.Debug|Any CPU.Build.0 = Debug|Any CPU
		{22F87131-59E9-4562-BF8B-30FC6E43C078}.Release|Any CPU.ActiveCfg = Release|Any CPU
		{22F87131-59E9-4562-BF8B-30FC6E43C078}.Release|Any CPU.Build.0 = Release|Any CPU
		{E93F59AC-7036-4009-8780-095A723102C2}.Debug|Any CPU.ActiveCfg = Debug|Any CPU
		{E93F59AC-7036-4009-8780-095A723102C2}.Debug|Any CPU.Build.0 = Debug|Any CPU
		{E93F59AC-7036-4009-8780-095A723102C2}.Release|Any CPU.ActiveCfg = Release|Any CPU
		{E93F59AC-7036-4009-8780-095A723102C2}.Release|Any CPU.Build.0 = Release|Any CPU
	EndGlobalSection
	GlobalSection(SolutionProperties) = preSolution
		HideSolutionNode = FALSE
	EndGlobalSection
	GlobalSection(ExtensibilityGlobals) = postSolution
		SolutionGuid = {DF2C8A07-91DA-4208-852E-C6852D1760AB}
	EndGlobalSection
EndGlobal
